// !$*UTF8*$!
{
	archiveVersion = 1;
	classes = {
	};
	objectVersion = 77;
	objects = {

/* Begin PBXContainerItemProxy section */
		B0810D8D2F43123C00F5B89A /* PBXContainerItemProxy */ = {
			isa = PBXContainerItemProxy;
			containerPortal = B0810D742F43123500F5B89A /* Project object */;
			proxyType = 1;
			remoteGlobalIDString = B0810D7B2F43123500F5B89A;
			remoteInfo = GoalSavingApp;
		};
		B0810D972F43123C00F5B89A /* PBXContainerItemProxy */ = {
			isa = PBXContainerItemProxy;
			containerPortal = B0810D742F43123500F5B89A /* Project object */;
			proxyType = 1;
			remoteGlobalIDString = B0810D7B2F43123500F5B89A;
			remoteInfo = GoalSavingApp;
		};
/* End PBXContainerItemProxy section */

/* Begin PBXFileReference section */
		B0810D7C2F43123500F5B89A /* GoalSavingApp.app */ = {isa = PBXFileReference; explicitFileType = wrapper.application; includeInIndex = 0; path = GoalSavingApp.app; sourceTree = BUILT_PRODUCTS_DIR; };
		B0810D8C2F43123C00F5B89A /* GoalSavingAppTests.xctest */ = {isa = PBXFileReference; explicitFileType = wrapper.cfbundle; includeInIndex = 0; path = GoalSavingAppTests.xctest; sourceTree = BUILT_PRODUCTS_DIR; };
		B0810D962F43123C00F5B89A /* GoalSavingAppUITests.xctest */ = {isa = PBXFileReference; explicitFileType = wrapper.cfbundle; includeInIndex = 0; path = GoalSavingAppUITests.xctest; sourceTree = BUILT_PRODUCTS_DIR; };
/* End PBXFileReference section */

/* Begin PBXFileSystemSynchronizedBuildFileExceptionSet section */
		B08110222F43888F00F5B89A /* Exceptions for "GoalSavingApp" folder in "GoalSavingApp" target */ = {
			isa = PBXFileSystemSynchronizedBuildFileExceptionSet;
			membershipExceptions = (
				View/TransactionSuccessView,
			);
			target = B0810D7B2F43123500F5B89A /* GoalSavingApp */;
		};
/* End PBXFileSystemSynchronizedBuildFileExceptionSet section */

/* Begin PBXFileSystemSynchronizedGroupBuildPhaseMembershipExceptionSet section */
		B08110232F43888F00F5B89A /* Exceptions for "GoalSavingApp" folder in "Compile Sources" phase from "GoalSavingApp" target */ = {
			isa = PBXFileSystemSynchronizedGroupBuildPhaseMembershipExceptionSet;
			buildPhase = B0810D782F43123500F5B89A /* Sources */;
			membershipExceptions = (
				View/TransactionSuccessView,
			);
		};
/* End PBXFileSystemSynchronizedGroupBuildPhaseMembershipExceptionSet section */

/* Begin PBXFileSystemSynchronizedRootGroup section */
		B0810D7E2F43123500F5B89A /* GoalSavingApp */ = {
			isa = PBXFileSystemSynchronizedRootGroup;
			exceptions = (
				B08110222F43888F00F5B89A /* Exceptions for "GoalSavingApp" folder in "GoalSavingApp" target */,
				B08110232F43888F00F5B89A /* Exceptions for "GoalSavingApp" folder in "Compile Sources" phase from "GoalSavingApp" target */,
			);
			path = GoalSavingApp;
			sourceTree = "<group>";
		};
		B0810D8F2F43123C00F5B89A /* GoalSavingAppTests */ = {
			isa = PBXFileSystemSynchronizedRootGroup;
			path = GoalSavingAppTests;
			sourceTree = "<group>";
		};
		B0810D992F43123C00F5B89A /* GoalSavingAppUITests */ = {
			isa = PBXFileSystemSynchronizedRootGroup;
			path = GoalSavingAppUITests;
			sourceTree = "<group>";
		};
/* End PBXFileSystemSynchronizedRootGroup section */

/* Begin PBXFrameworksBuildPhase section */
		B0810D792F43123500F5B89A /* Frameworks */ = {
			isa = PBXFrameworksBuildPhase;
			buildActionMask = 2147483647;
			files = (
			);
			runOnlyForDeploymentPostprocessing = 0;
		};
		B0810D892F43123C00F5B89A /* Frameworks */ = {
			isa = PBXFrameworksBuildPhase;
			buildActionMask = 2147483647;
			files = (
			);
			runOnlyForDeploymentPostprocessing = 0;
		};
		B0810D932F43123C00F5B89A /* Frameworks */ = {
			isa = PBXFrameworksBuildPhase;
			buildActionMask = 2147483647;
			files = (
			);
			runOnlyForDeploymentPostprocessing = 0;
		};
/* End PBXFrameworksBuildPhase section */

/* Begin PBXGroup section */
		B0810D732F43123500F5B89A = {
			isa = PBXGroup;
			children = (
				B0810D7E2F43123500F5B89A /* GoalSavingApp */,
				B0810D8F2F43123C00F5B89A /* GoalSavingAppTests */,
				B0810D992F43123C00F5B89A /* GoalSavingAppUITests */,
				B0810D7D2F43123500F5B89A /* Products */,
			);
			sourceTree = "<group>";
		};
		B0810D7D2F43123500F5B89A /* Products */ = {
			isa = PBXGroup;
			children = (
				B0810D7C2F43123500F5B89A /* GoalSavingApp.app */,
				B0810D8C2F43123C00F5B89A /* GoalSavingAppTests.xctest */,
				B0810D962F43123C00F5B89A /* GoalSavingAppUITests.xctest */,
			);
			name = Products;
			sourceTree = "<group>";
		};
/* End PBXGroup section */

/* Begin PBXNativeTarget section */
		B0810D7B2F43123500F5B89A /* GoalSavingApp */ = {
			isa = PBXNativeTarget;
			buildConfigurationList = B0810DA02F43123C00F5B89A /* Build configuration list for PBXNativeTarget "GoalSavingApp" */;
			buildPhases = (
				B0810D782F43123500F5B89A /* Sources */,
				B0810D792F43123500F5B89A /* Frameworks */,
				B0810D7A2F43123500F5B89A /* Resources */,
			);
			buildRules = (
			);
			dependencies = (
			);
			fileSystemSynchronizedGroups = (
				B0810D7E2F43123500F5B89A /* GoalSavingApp */,
			);
			name = GoalSavingApp;
			packageProductDependencies = (
			);
			productName = GoalSavingApp;
			productReference = B0810D7C2F43123500F5B89A /* GoalSavingApp.app */;
			productType = "com.apple.product-type.application";
		};
		B0810D8B2F43123C00F5B89A /* GoalSavingAppTests */ = {
			isa = PBXNativeTarget;
			buildConfigurationList = B0810DA32F43123C00F5B89A /* Build configuration list for PBXNativeTarget "GoalSavingAppTests" */;
			buildPhases = (
				B0810D882F43123C00F5B89A /* Sources */,
				B0810D892F43123C00F5B89A /* Frameworks */,
				B0810D8A2F43123C00F5B89A /* Resources */,
			);
			buildRules = (
			);
			dependencies = (
				B0810D8E2F43123C00F5B89A /* PBXTargetDependency */,
			);
			fileSystemSynchronizedGroups = (
				B0810D8F2F43123C00F5B89A /* GoalSavingAppTests */,
			);
			name = GoalSavingAppTests;
			packageProductDependencies = (
			);
			productName = GoalSavingAppTests;
			productReference = B0810D8C2F43123C00F5B89A /* GoalSavingAppTests.xctest */;
			productType = "com.apple.product-type.bundle.unit-test";
		};
		B0810D952F43123C00F5B89A /* GoalSavingAppUITests */ = {
			isa = PBXNativeTarget;
			buildConfigurationList = B0810DA62F43123C00F5B89A /* Build configuration list for PBXNativeTarget "GoalSavingAppUITests" */;
			buildPhases = (
				B0810D922F43123C00F5B89A /* Sources */,
				B0810D932F43123C00F5B89A /* Frameworks */,
				B0810D942F43123C00F5B89A /* Resources */,
			);
			buildRules = (
			);
			dependencies = (
				B0810D982F43123C00F5B89A /* PBXTargetDependency */,
			);
			fileSystemSynchronizedGroups = (
				B0810D992F43123C00F5B89A /* GoalSavingAppUITests */,
			);
			name = GoalSavingAppUITests;
			packageProductDependencies = (
			);
			productName = GoalSavingAppUITests;
			productReference = B0810D962F43123C00F5B89A /* GoalSavingAppUITests.xctest */;
			productType = "com.apple.product-type.bundle.ui-testing";
		};
/* End PBXNativeTarget section */

/* Begin PBXProject section */
		B0810D742F43123500F5B89A /* Project object */ = {
			isa = PBXProject;
			attributes = {
				BuildIndependentTargetsInParallel = 1;
				LastSwiftUpdateCheck = 1620;
				LastUpgradeCheck = 1620;
				TargetAttributes = {
					B0810D7B2F43123500F5B89A = {
						CreatedOnToolsVersion = 16.2;
					};
					B0810D8B2F43123C00F5B89A = {
						CreatedOnToolsVersion = 16.2;
						TestTargetID = B0810D7B2F43123500F5B89A;
					};
					B0810D952F43123C00F5B89A = {
						CreatedOnToolsVersion = 16.2;
						TestTargetID = B0810D7B2F43123500F5B89A;
					};
				};
			};
			buildConfigurationList = B0810D772F43123500F5B89A /* Build configuration list for PBXProject "GoalSavingApp" */;
			developmentRegion = en;
			hasScannedForEncodings = 0;
			knownRegions = (
				en,
				Base,
			);
			mainGroup = B0810D732F43123500F5B89A;
			minimizedProjectReferenceProxies = 1;
			preferredProjectObjectVersion = 77;
			productRefGroup = B0810D7D2F43123500F5B89A /* Products */;
			projectDirPath = "";
			projectRoot = "";
			targets = (
				B0810D7B2F43123500F5B89A /* GoalSavingApp */,
				B0810D8B2F43123C00F5B89A /* GoalSavingAppTests */,
				B0810D952F43123C00F5B89A /* GoalSavingAppUITests */,
			);
		};
/* End PBXProject section */

/* Begin PBXResourcesBuildPhase section */
		B0810D7A2F43123500F5B89A /* Resources */ = {
			isa = PBXResourcesBuildPhase;
			buildActionMask = 2147483647;
			files = (
			);
			runOnlyForDeploymentPostprocessing = 0;
		};
		B0810D8A2F43123C00F5B89A /* Resources */ = {
			isa = PBXResourcesBuildPhase;
			buildActionMask = 2147483647;
			files = (
			);
			runOnlyForDeploymentPostprocessing = 0;
		};
		B0810D942F43123C00F5B89A /* Resources */ = {
			isa = PBXResourcesBuildPhase;
			buildActionMask = 2147483647;
			files = (
			);
			runOnlyForDeploymentPostprocessing = 0;
		};
/* End PBXResourcesBuildPhase section */

/* Begin PBXSourcesBuildPhase section */
		B0810D782F43123500F5B89A /* Sources */ = {
			isa = PBXSourcesBuildPhase;
			buildActionMask = 2147483647;
			files = (
			);
			runOnlyForDeploymentPostprocessing = 0;
		};
		B0810D882F43123C00F5B89A /* Sources */ = {
			isa = PBXSourcesBuildPhase;
			buildActionMask = 2147483647;
			files = (
			);
			runOnlyForDeploymentPostprocessing = 0;
		};
		B0810D922F43123C00F5B89A /* Sources */ = {
			isa = PBXSourcesBuildPhase;
			buildActionMask = 2147483647;
			files = (
			);
			runOnlyForDeploymentPostprocessing = 0;
		};
/* End PBXSourcesBuildPhase section */

/* Begin PBXTargetDependency section */
		B0810D8E2F43123C00F5B89A /* PBXTargetDependency */ = {
			isa = PBXTargetDependency;
			target = B0810D7B2F43123500F5B89A /* GoalSavingApp */;
			targetProxy = B0810D8D2F43123C00F5B89A /* PBXContainerItemProxy */;
		};
		B0810D982F43123C00F5B89A /* PBXTargetDependency */ = {
			isa = PBXTargetDependency;
			target = B0810D7B2F43123500F5B89A /* GoalSavingApp */;
			targetProxy = B0810D972F43123C00F5B89A /* PBXContainerItemProxy */;
		};
/* End PBXTargetDependency section */

/* Begin XCBuildConfiguration section */
		B0810D9E2F43123C00F5B89A /* Debug */ = {
			isa = XCBuildConfiguration;
			buildSettings = {
				ALWAYS_SEARCH_USER_PATHS = NO;
				ASSETCATALOG_COMPILER_GENERATE_SWIFT_ASSET_SYMBOL_EXTENSIONS = YES;
				CLANG_ANALYZER_NONNULL = YES;
				CLANG_ANALYZER_NUMBER_OBJECT_CONVERSION = YES_AGGRESSIVE;
				CLANG_CXX_LANGUAGE_STANDARD = "gnu++20";
				CLANG_ENABLE_MODULES = YES;
				CLANG_ENABLE_OBJC_ARC = YES;
				CLANG_ENABLE_OBJC_WEAK = YES;
				CLANG_WARN_BLOCK_CAPTURE_AUTORELEASING = YES;
				CLANG_WARN_BOOL_CONVERSION = YES;
				CLANG_WARN_COMMA = YES;
				CLANG_WARN_CONSTANT_CONVERSION = YES;
				CLANG_WARN_DEPRECATED_OBJC_IMPLEMENTATIONS = YES;
				CLANG_WARN_DIRECT_OBJC_ISA_USAGE = YES_ERROR;
				CLANG_WARN_DOCUMENTATION_COMMENTS = YES;
				CLANG_WARN_EMPTY_BODY = YES;
				CLANG_WARN_ENUM_CONVERSION = YES;
				CLANG_WARN_INFINITE_RECURSION = YES;
				CLANG_WARN_INT_CONVERSION = YES;
				CLANG_WARN_NON_LITERAL_NULL_CONVERSION = YES;
				CLANG_WARN_OBJC_IMPLICIT_RETAIN_SELF = YES;
				CLANG_WARN_OBJC_LITERAL_CONVERSION = YES;
				CLANG_WARN_OBJC_ROOT_CLASS = YES_ERROR;
				CLANG_WARN_QUOTED_INCLUDE_IN_FRAMEWORK_HEADER = YES;
				CLANG_WARN_RANGE_LOOP_ANALYSIS = YES;
				CLANG_WARN_STRICT_PROTOTYPES = YES;
				CLANG_WARN_SUSPICIOUS_MOVE = YES;
				CLANG_WARN_UNGUARDED_AVAILABILITY = YES_AGGRESSIVE;
				CLANG_WARN_UNREACHABLE_CODE = YES;
				CLANG_WARN__DUPLICATE_METHOD_MATCH = YES;
				COPY_PHASE_STRIP = NO;
				DEBUG_INFORMATION_FORMAT = dwarf;
				ENABLE_STRICT_OBJC_MSGSEND = YES;
				ENABLE_TESTABILITY = YES;
				ENABLE_USER_SCRIPT_SANDBOXING = YES;
				GCC_C_LANGUAGE_STANDARD = gnu17;
				GCC_DYNAMIC_NO_PIC = NO;
				GCC_NO_COMMON_BLOCKS = YES;
				GCC_OPTIMIZATION_LEVEL = 0;
				GCC_PREPROCESSOR_DEFINITIONS = (
					"DEBUG=1",
					"$(inherited)",
				);
				GCC_WARN_64_TO_32_BIT_CONVERSION = YES;
				GCC_WARN_ABOUT_RETURN_TYPE = YES_ERROR;
				GCC_WARN_UNDECLARED_SELECTOR = YES;
				GCC_WARN_UNINITIALIZED_AUTOS = YES_AGGRESSIVE;
				GCC_WARN_UNUSED_FUNCTION = YES;
				GCC_WARN_UNUSED_VARIABLE = YES;
				IPHONEOS_DEPLOYMENT_TARGET = 18.2;
				LOCALIZATION_PREFERS_STRING_CATALOGS = YES;
				MTL_ENABLE_DEBUG_INFO = INCLUDE_SOURCE;
				MTL_FAST_MATH = YES;
				ONLY_ACTIVE_ARCH = YES;
				SDKROOT = iphoneos;
				SWIFT_ACTIVE_COMPILATION_CONDITIONS = "DEBUG $(inherited)";
				SWIFT_OPTIMIZATION_LEVEL = "-Onone";
			};
			name = Debug;
		};
		B0810D9F2F43123C00F5B89A /* Release */ = {
			isa = XCBuildConfiguration;
			buildSettings = {
				ALWAYS_SEARCH_USER_PATHS = NO;
				ASSETCATALOG_COMPILER_GENERATE_SWIFT_ASSET_SYMBOL_EXTENSIONS = YES;
				CLANG_ANALYZER_NONNULL = YES;
				CLANG_ANALYZER_NUMBER_OBJECT_CONVERSION = YES_AGGRESSIVE;
				CLANG_CXX_LANGUAGE_STANDARD = "gnu++20";
				CLANG_ENABLE_MODULES = YES;
				CLANG_ENABLE_OBJC_ARC = YES;
				CLANG_ENABLE_OBJC_WEAK = YES;
				CLANG_WARN_BLOCK_CAPTURE_AUTORELEASING = YES;
				CLANG_WARN_BOOL_CONVERSION = YES;
				CLANG_WARN_COMMA = YES;
				CLANG_WARN_CONSTANT_CONVERSION = YES;
				CLANG_WARN_DEPRECATED_OBJC_IMPLEMENTATIONS = YES;
				CLANG_WARN_DIRECT_OBJC_ISA_USAGE = YES_ERROR;
				CLANG_WARN_DOCUMENTATION_COMMENTS = YES;
				CLANG_WARN_EMPTY_BODY = YES;
				CLANG_WARN_ENUM_CONVERSION = YES;
				CLANG_WARN_INFINITE_RECURSION = YES;
				CLANG_WARN_INT_CONVERSION = YES;
				CLANG_WARN_NON_LITERAL_NULL_CONVERSION = YES;
				CLANG_WARN_OBJC_IMPLICIT_RETAIN_SELF = YES;
				CLANG_WARN_OBJC_LITERAL_CONVERSION = YES;
				CLANG_WARN_OBJC_ROOT_CLASS = YES_ERROR;
				CLANG_WARN_QUOTED_INCLUDE_IN_FRAMEWORK_HEADER = YES;
				CLANG_WARN_RANGE_LOOP_ANALYSIS = YES;
				CLANG_WARN_STRICT_PROTOTYPES = YES;
				CLANG_WARN_SUSPICIOUS_MOVE = YES;
				CLANG_WARN_UNGUARDED_AVAILABILITY = YES_AGGRESSIVE;
				CLANG_WARN_UNREACHABLE_CODE = YES;
				CLANG_WARN__DUPLICATE_METHOD_MATCH = YES;
				COPY_PHASE_STRIP = NO;
				DEBUG_INFORMATION_FORMAT = "dwarf-with-dsym";
				ENABLE_NS_ASSERTIONS = NO;
				ENABLE_STRICT_OBJC_MSGSEND = YES;
				ENABLE_USER_SCRIPT_SANDBOXING = YES;
				GCC_C_LANGUAGE_STANDARD = gnu17;
				GCC_NO_COMMON_BLOCKS = YES;
				GCC_WARN_64_TO_32_BIT_CONVERSION = YES;
				GCC_WARN_ABOUT_RETURN_TYPE = YES_ERROR;
				GCC_WARN_UNDECLARED_SELECTOR = YES;
				GCC_WARN_UNINITIALIZED_AUTOS = YES_AGGRESSIVE;
				GCC_WARN_UNUSED_FUNCTION = YES;
				GCC_WARN_UNUSED_VARIABLE = YES;
				IPHONEOS_DEPLOYMENT_TARGET = 18.2;
				LOCALIZATION_PREFERS_STRING_CATALOGS = YES;
				MTL_ENABLE_DEBUG_INFO = NO;
				MTL_FAST_MATH = YES;
				SDKROOT = iphoneos;
				SWIFT_COMPILATION_MODE = wholemodule;
				VALIDATE_PRODUCT = YES;
			};
			name = Release;
		};
		B0810DA12F43123C00F5B89A /* Debug */ = {
			isa = XCBuildConfiguration;
			buildSettings = {
				ASSETCATALOG_COMPILER_APPICON_NAME = AppIcon;
				ASSETCATALOG_COMPILER_GLOBAL_ACCENT_COLOR_NAME = AccentColor;
				CODE_SIGN_STYLE = Automatic;
				CURRENT_PROJECT_VERSION = 1;
				DEVELOPMENT_ASSET_PATHS = "\"GoalSavingApp/Preview Content\"";
				DEVELOPMENT_TEAM = 5N94QCSVC4;
				ENABLE_PREVIEWS = YES;
				GENERATE_INFOPLIST_FILE = YES;
				INFOPLIST_KEY_UIApplicationSceneManifest_Generation = YES;
				INFOPLIST_KEY_UIApplicationSupportsIndirectInputEvents = YES;
				INFOPLIST_KEY_UILaunchScreen_Generation = YES;
				INFOPLIST_KEY_UISupportedInterfaceOrientations_iPad = "UIInterfaceOrientationPortrait UIInterfaceOrientationPortraitUpsideDown UIInterfaceOrientationLandscapeLeft UIInterfaceOrientationLandscapeRight";
				INFOPLIST_KEY_UISupportedInterfaceOrientations_iPhone = "UIInterfaceOrientationPortrait UIInterfaceOrientationLandscapeLeft UIInterfaceOrientationLandscapeRight";
				LD_RUNPATH_SEARCH_PATHS = (
					"$(inherited)",
					"@executable_path/Frameworks",
				);
				MARKETING_VERSION = 1.0;
				PRODUCT_BUNDLE_IDENTIFIER = GoalSavingApp;
				PRODUCT_NAME = "$(TARGET_NAME)";
				SWIFT_EMIT_LOC_STRINGS = YES;
				SWIFT_VERSION = 5.0;
				TARGETED_DEVICE_FAMILY = "1,2";
			};
			name = Debug;
		};
		B0810DA22F43123C00F5B89A /* Release */ = {
			isa = XCBuildConfiguration;
			buildSettings = {
				ASSETCATALOG_COMPILER_APPICON_NAME = AppIcon;
				ASSETCATALOG_COMPILER_GLOBAL_ACCENT_COLOR_NAME = AccentColor;
				CODE_SIGN_STYLE = Automatic;
				CURRENT_PROJECT_VERSION = 1;
				DEVELOPMENT_ASSET_PATHS = "\"GoalSavingApp/Preview Content\"";
				DEVELOPMENT_TEAM = 5N94QCSVC4;
				ENABLE_PREVIEWS = YES;
				GENERATE_INFOPLIST_FILE = YES;
				INFOPLIST_KEY_UIApplicationSceneManifest_Generation = YES;
				INFOPLIST_KEY_UIApplicationSupportsIndirectInputEvents = YES;
				INFOPLIST_KEY_UILaunchScreen_Generation = YES;
				INFOPLIST_KEY_UISupportedInterfaceOrientations_iPad = "UIInterfaceOrientationPortrait UIInterfaceOrientationPortraitUpsideDown UIInterfaceOrientationLandscapeLeft UIInterfaceOrientationLandscapeRight";
				INFOPLIST_KEY_UISupportedInterfaceOrientations_iPhone = "UIInterfaceOrientationPortrait UIInterfaceOrientationLandscapeLeft UIInterfaceOrientationLandscapeRight";
				LD_RUNPATH_SEARCH_PATHS = (
					"$(inherited)",
					"@executable_path/Frameworks",
				);
				MARKETING_VERSION = 1.0;
				PRODUCT_BUNDLE_IDENTIFIER = GoalSavingApp;
				PRODUCT_NAME = "$(TARGET_NAME)";
				SWIFT_EMIT_LOC_STRINGS = YES;
				SWIFT_VERSION = 5.0;
				TARGETED_DEVICE_FAMILY = "1,2";
			};
			name = Release;
		};
		B0810DA42F43123C00F5B89A /* Debug */ = {
			isa = XCBuildConfiguration;
			buildSettings = {
				BUNDLE_LOADER = "$(TEST_HOST)";
				CODE_SIGN_STYLE = Automatic;
				CURRENT_PROJECT_VERSION = 1;
				DEVELOPMENT_TEAM = 5N94QCSVC4;
				GENERATE_INFOPLIST_FILE = YES;
				IPHONEOS_DEPLOYMENT_TARGET = 18.2;
				MARKETING_VERSION = 1.0;
				PRODUCT_BUNDLE_IDENTIFIER = test.GoalSavingAppTests;
				PRODUCT_NAME = "$(TARGET_NAME)";
				SWIFT_EMIT_LOC_STRINGS = NO;
				SWIFT_VERSION = 5.0;
				TARGETED_DEVICE_FAMILY = "1,2";
				TEST_HOST = "$(BUILT_PRODUCTS_DIR)/GoalSavingApp.app/$(BUNDLE_EXECUTABLE_FOLDER_PATH)/GoalSavingApp";
			};
			name = Debug;
		};
		B0810DA52F43123C00F5B89A /* Release */ = {
			isa = XCBuildConfiguration;
			buildSettings = {
				BUNDLE_LOADER = "$(TEST_HOST)";
				CODE_SIGN_STYLE = Automatic;
				CURRENT_PROJECT_VERSION = 1;
				DEVELOPMENT_TEAM = 5N94QCSVC4;
				GENERATE_INFOPLIST_FILE = YES;
				IPHONEOS_DEPLOYMENT_TARGET = 18.2;
				MARKETING_VERSION = 1.0;
				PRODUCT_BUNDLE_IDENTIFIER = test.GoalSavingAppTests;
				PRODUCT_NAME = "$(TARGET_NAME)";
				SWIFT_EMIT_LOC_STRINGS = NO;
				SWIFT_VERSION = 5.0;
				TARGETED_DEVICE_FAMILY = "1,2";
				TEST_HOST = "$(BUILT_PRODUCTS_DIR)/GoalSavingApp.app/$(BUNDLE_EXECUTABLE_FOLDER_PATH)/GoalSavingApp";
			};
			name = Release;
		};
		B0810DA72F43123C00F5B89A /* Debug */ = {
			isa = XCBuildConfiguration;
			buildSettings = {
				CODE_SIGN_STYLE = Automatic;
				CURRENT_PROJECT_VERSION = 1;
				DEVELOPMENT_TEAM = 5N94QCSVC4;
				GENERATE_INFOPLIST_FILE = YES;
				MARKETING_VERSION = 1.0;
				PRODUCT_BUNDLE_IDENTIFIER = test.GoalSavingAppUITests;
				PRODUCT_NAME = "$(TARGET_NAME)";
				SWIFT_EMIT_LOC_STRINGS = NO;
				SWIFT_VERSION = 5.0;
				TARGETED_DEVICE_FAMILY = "1,2";
				TEST_TARGET_NAME = GoalSavingApp;
			};
			name = Debug;
		};
		B0810DA82F43123C00F5B89A /* Release */ = {
			isa = XCBuildConfiguration;
			buildSettings = {
				CODE_SIGN_STYLE = Automatic;
				CURRENT_PROJECT_VERSION = 1;
				DEVELOPMENT_TEAM = 5N94QCSVC4;
				GENERATE_INFOPLIST_FILE = YES;
				MARKETING_VERSION = 1.0;
				PRODUCT_BUNDLE_IDENTIFIER = test.GoalSavingAppUITests;
				PRODUCT_NAME = "$(TARGET_NAME)";
				SWIFT_EMIT_LOC_STRINGS = NO;
				SWIFT_VERSION = 5.0;
				TARGETED_DEVICE_FAMILY = "1,2";
				TEST_TARGET_NAME = GoalSavingApp;
			};
			name = Release;
		};
/* End XCBuildConfiguration section */

/* Begin XCConfigurationList section */
		B0810D772F43123500F5B89A /* Build configuration list for PBXProject "GoalSavingApp" */ = {
			isa = XCConfigurationList;
			buildConfigurations = (
				B0810D9E2F43123C00F5B89A /* Debug */,
				B0810D9F2F43123C00F5B89A /* Release */,
			);
			defaultConfigurationIsVisible = 0;
			defaultConfigurationName = Release;
		};
		B0810DA02F43123C00F5B89A /* Build configuration list for PBXNativeTarget "GoalSavingApp" */ = {
			isa = XCConfigurationList;
			buildConfigurations = (
				B0810DA12F43123C00F5B89A /* Debug */,
				B0810DA22F43123C00F5B89A /* Release */,
			);
			defaultConfigurationIsVisible = 0;
			defaultConfigurationName = Release;
		};
		B0810DA32F43123C00F5B89A /* Build configuration list for PBXNativeTarget "GoalSavingAppTests" */ = {
			isa = XCConfigurationList;
			buildConfigurations = (
				B0810DA42F43123C00F5B89A /* Debug */,
				B0810DA52F43123C00F5B89A /* Release */,
			);
			defaultConfigurationIsVisible = 0;
			defaultConfigurationName = Release;
		};
		B0810DA62F43123C00F5B89A /* Build configuration list for PBXNativeTarget "GoalSavingAppUITests" */ = {
			isa = XCConfigurationList;
			buildConfigurations = (
				B0810DA72F43123C00F5B89A /* Debug */,
				B0810DA82F43123C00F5B89A /* Release */,
			);
			defaultConfigurationIsVisible = 0;
			defaultConfigurationName = Release;
		};
/* End XCConfigurationList section */
	};
	rootObject = B0810D742F43123500F5B89A /* Project object */;
}
